
Microsoft Visual Studio Solution File, Format Version 12.00
# Visual Studio 15
VisualStudioVersion = 15.0.26430.16
MinimumVisualStudioVersion = 10.0.40219.1
Project("{9A19103F-16F7-4668-BE54-9A1E7A4F7556}") = "TestProject.API", "TestProject.API\TestProject.API.csproj", "{DB099DA7-F617-43D5-BF45-7C003641E65F}"
EndProject
Project("{FAE04EC0-301F-11D3-BF4B-00C04F79EFBC}") = "Test1Model", "Test1Repository\Test1Model.csproj", "{1BDF5704-6840-4A9D-9FF4-10E6801A6A87}"
EndProject
Project("{FAE04EC0-301F-11D3-BF4B-00C04F79EFBC}") = "Test1Services", "Test1Services\Test1Services.csproj", "{633CB84E-88B9-46CC-9E71-7C9F38E09D78}"
EndProject
Global
	GlobalSection(SolutionConfigurationPlatforms) = preSolution
		Debug|Any CPU = Debug|Any CPU
		Release|Any CPU = Release|Any CPU
	EndGlobalSection
	GlobalSection(ProjectConfigurationPlatforms) = postSolution
		{DB099DA7-F617-43D5-BF45-7C003641E65F}.Debug|Any CPU.ActiveCfg = Debug|Any CPU
		{DB099DA7-F617-43D5-BF45-7C003641E65F}.Debug|Any CPU.Build.0 = Debug|Any CPU
		{DB099DA7-F617-43D5-BF45-7C003641E65F}.Release|Any CPU.ActiveCfg = Release|Any CPU
		{DB099DA7-F617-43D5-BF45-7C003641E65F}.Release|Any CPU.Build.0 = Release|Any CPU
		{1BDF5704-6840-4A9D-9FF4-10E6801A6A87}.Debug|Any CPU.ActiveCfg = Debug|Any CPU
		{1BDF5704-6840-4A9D-9FF4-10E6801A6A87}.Debug|Any CPU.Build.0 = Debug|Any CPU
		{1BDF5704-6840-4A9D-9FF4-10E6801A6A87}.Release|Any CPU.ActiveCfg = Release|Any CPU
		{1BDF5704-6840-4A9D-9FF4-10E6801A6A87}.Release|Any CPU.Build.0 = Release|Any CPU
		{633CB84E-88B9-46CC-9E71-7C9F38E09D78}.Debug|Any CPU.ActiveCfg = Debug|Any CPU
		{633CB84E-88B9-46CC-9E71-7C9F38E09D78}.Debug|Any CPU.Build.0 = Debug|Any CPU
		{633CB84E-88B9-46CC-9E71-7C9F38E09D78}.Release|Any CPU.ActiveCfg = Release|Any CPU
		{633CB84E-88B9-46CC-9E71-7C9F38E09D78}.Release|Any CPU.Build.0 = Release|Any CPU
	EndGlobalSection
	GlobalSection(SolutionProperties) = preSolution
		HideSolutionNode = FALSE
	EndGlobalSection
EndGlobal
